
Microsoft Visual Studio Solution File, Format Version 12.00
# Visual Studio Version 17
VisualStudioVersion = 17.0.31903.59
MinimumVisualStudioVersion = 10.0.40219.1
Project("{2150E333-8FDC-42A3-9474-1A3956D46DE8}") = "src", "src", "{15DCDD6F-405F-455C-B99E-D02985A79CBB}"
EndProject
Project("{FAE04EC0-301F-11D3-BF4B-00C04F79EFBC}") = "Kamino.Entities", "src\Kamino.Entities\Kamino.Entities.csproj", "{94DDFD6A-5030-428A-8271-BF9E816A66BA}"
EndProject
Project("{FAE04EC0-301F-11D3-BF4B-00C04F79EFBC}") = "Kamino.Repo", "src\Kamino.Repo\Kamino.Repo.csproj", "{91E083BC-20D3-4D5E-9DF6-1BFD855D56D1}"
EndProject
Project("{FAE04EC0-301F-11D3-BF4B-00C04F79EFBC}") = "Kamino.Repo.Npgsql", "src\Kamino.Repo.Npgsql\Kamino.Repo.Npgsql.csproj", "{A102E71A-F725-4B83-A1A4-2B51F27E2D96}"
EndProject
Project("{FAE04EC0-301F-11D3-BF4B-00C04F79EFBC}") = "Kamino.Services", "src\Kamino.Services\Kamino.Services.csproj", "{D1CFE7CF-A976-49D8-8363-EAB9DC387D87}"
EndProject
Project("{FAE04EC0-301F-11D3-BF4B-00C04F79EFBC}") = "Kamino.Endpoint", "src\Kamino.Endpoint\Kamino.Endpoint.csproj", "{510DF0CC-FBB2-49FF-B120-5F0AD36B303F}"
EndProject
Project("{FAE04EC0-301F-11D3-BF4B-00C04F79EFBC}") = "Kamino.Models", "src\Kamino.Models\Kamino.Models.csproj", "{3A719571-251B-4542-94B8-3334910D3496}"
EndProject
Project("{FAE04EC0-301F-11D3-BF4B-00C04F79EFBC}") = "Kamino.Validators", "src\Kamino.Validators\Kamino.Validators.csproj", "{2E72C89B-7A21-4810-9756-5A6AA6A34904}"
EndProject
Project("{2150E333-8FDC-42A3-9474-1A3956D46DE8}") = "test", "test", "{7CB8FDBB-6216-4F75-9C27-405F31EDF04D}"
EndProject
Project("{FAE04EC0-301F-11D3-BF4B-00C04F79EFBC}") = "Kamino.Validators.UnitTests", "test\Kamino.Validators.UnitTests\Kamino.Validators.UnitTests.csproj", "{946917DC-24EC-4612-BA1B-5BA2E005D82D}"
EndProject
Global
	GlobalSection(SolutionConfigurationPlatforms) = preSolution
		Debug|Any CPU = Debug|Any CPU
		Release|Any CPU = Release|Any CPU
	EndGlobalSection
	GlobalSection(ProjectConfigurationPlatforms) = postSolution
		{94DDFD6A-5030-428A-8271-BF9E816A66BA}.Debug|Any CPU.ActiveCfg = Debug|Any CPU
		{94DDFD6A-5030-428A-8271-BF9E816A66BA}.Debug|Any CPU.Build.0 = Debug|Any CPU
		{94DDFD6A-5030-428A-8271-BF9E816A66BA}.Release|Any CPU.ActiveCfg = Release|Any CPU
		{94DDFD6A-5030-428A-8271-BF9E816A66BA}.Release|Any CPU.Build.0 = Release|Any CPU
		{91E083BC-20D3-4D5E-9DF6-1BFD855D56D1}.Debug|Any CPU.ActiveCfg = Debug|Any CPU
		{91E083BC-20D3-4D5E-9DF6-1BFD855D56D1}.Debug|Any CPU.Build.0 = Debug|Any CPU
		{91E083BC-20D3-4D5E-9DF6-1BFD855D56D1}.Release|Any CPU.ActiveCfg = Release|Any CPU
		{91E083BC-20D3-4D5E-9DF6-1BFD855D56D1}.Release|Any CPU.Build.0 = Release|Any CPU
		{A102E71A-F725-4B83-A1A4-2B51F27E2D96}.Debug|Any CPU.ActiveCfg = Debug|Any CPU
		{A102E71A-F725-4B83-A1A4-2B51F27E2D96}.Debug|Any CPU.Build.0 = Debug|Any CPU
		{A102E71A-F725-4B83-A1A4-2B51F27E2D96}.Release|Any CPU.ActiveCfg = Release|Any CPU
		{A102E71A-F725-4B83-A1A4-2B51F27E2D96}.Release|Any CPU.Build.0 = Release|Any CPU
		{D1CFE7CF-A976-49D8-8363-EAB9DC387D87}.Debug|Any CPU.ActiveCfg = Debug|Any CPU
		{D1CFE7CF-A976-49D8-8363-EAB9DC387D87}.Debug|Any CPU.Build.0 = Debug|Any CPU
		{D1CFE7CF-A976-49D8-8363-EAB9DC387D87}.Release|Any CPU.ActiveCfg = Release|Any CPU
		{D1CFE7CF-A976-49D8-8363-EAB9DC387D87}.Release|Any CPU.Build.0 = Release|Any CPU
		{510DF0CC-FBB2-49FF-B120-5F0AD36B303F}.Debug|Any CPU.ActiveCfg = Debug|Any CPU
		{510DF0CC-FBB2-49FF-B120-5F0AD36B303F}.Debug|Any CPU.Build.0 = Debug|Any CPU
		{510DF0CC-FBB2-49FF-B120-5F0AD36B303F}.Release|Any CPU.ActiveCfg = Release|Any CPU
		{510DF0CC-FBB2-49FF-B120-5F0AD36B303F}.Release|Any CPU.Build.0 = Release|Any CPU
		{3A719571-251B-4542-94B8-3334910D3496}.Debug|Any CPU.ActiveCfg = Debug|Any CPU
		{3A719571-251B-4542-94B8-3334910D3496}.Debug|Any CPU.Build.0 = Debug|Any CPU
		{3A719571-251B-4542-94B8-3334910D3496}.Release|Any CPU.ActiveCfg = Release|Any CPU
		{3A719571-251B-4542-94B8-3334910D3496}.Release|Any CPU.Build.0 = Release|Any CPU
		{2E72C89B-7A21-4810-9756-5A6AA6A34904}.Debug|Any CPU.ActiveCfg = Debug|Any CPU
		{2E72C89B-7A21-4810-9756-5A6AA6A34904}.Debug|Any CPU.Build.0 = Debug|Any CPU
		{2E72C89B-7A21-4810-9756-5A6AA6A34904}.Release|Any CPU.ActiveCfg = Release|Any CPU
		{2E72C89B-7A21-4810-9756-5A6AA6A34904}.Release|Any CPU.Build.0 = Release|Any CPU
		{946917DC-24EC-4612-BA1B-5BA2E005D82D}.Debug|Any CPU.ActiveCfg = Debug|Any CPU
		{946917DC-24EC-4612-BA1B-5BA2E005D82D}.Debug|Any CPU.Build.0 = Debug|Any CPU
		{946917DC-24EC-4612-BA1B-5BA2E005D82D}.Release|Any CPU.ActiveCfg = Release|Any CPU
		{946917DC-24EC-4612-BA1B-5BA2E005D82D}.Release|Any CPU.Build.0 = Release|Any CPU
	EndGlobalSection
	GlobalSection(SolutionProperties) = preSolution
		HideSolutionNode = FALSE
	EndGlobalSection
	GlobalSection(NestedProjects) = preSolution
		{94DDFD6A-5030-428A-8271-BF9E816A66BA} = {15DCDD6F-405F-455C-B99E-D02985A79CBB}
		{91E083BC-20D3-4D5E-9DF6-1BFD855D56D1} = {15DCDD6F-405F-455C-B99E-D02985A79CBB}
		{A102E71A-F725-4B83-A1A4-2B51F27E2D96} = {15DCDD6F-405F-455C-B99E-D02985A79CBB}
		{D1CFE7CF-A976-49D8-8363-EAB9DC387D87} = {15DCDD6F-405F-455C-B99E-D02985A79CBB}
		{510DF0CC-FBB2-49FF-B120-5F0AD36B303F} = {15DCDD6F-405F-455C-B99E-D02985A79CBB}
		{3A719571-251B-4542-94B8-3334910D3496} = {15DCDD6F-405F-455C-B99E-D02985A79CBB}
		{2E72C89B-7A21-4810-9756-5A6AA6A34904} = {15DCDD6F-405F-455C-B99E-D02985A79CBB}
		{946917DC-24EC-4612-BA1B-5BA2E005D82D} = {7CB8FDBB-6216-4F75-9C27-405F31EDF04D}
	EndGlobalSection
EndGlobal
